
Microsoft Visual Studio Solution File, Format Version 12.00
Project("{FAE04EC0-301F-11D3-BF4B-00C04F79EFBC}") = "API", "API\API.csproj", "{91468F0E-03EB-4C94-8A8E-6D70D0665F54}"
EndProject
Project("{FAE04EC0-301F-11D3-BF4B-00C04F79EFBC}") = "Application", "Application\Application.csproj", "{B196F985-F772-4239-834C-058CFEF959E2}"
EndProject
Project("{FAE04EC0-301F-11D3-BF4B-00C04F79EFBC}") = "Domain", "Domain\Domain.csproj", "{CD89EB33-886F-42F2-8185-678F6EE0F471}"
EndProject
Project("{FAE04EC0-301F-11D3-BF4B-00C04F79EFBC}") = "DataAccessLayer", "DataAccessLayer\DataAccessLayer.csproj", "{E2A99BA5-0B2B-4C95-9B84-789F827CA1F5}"
EndProject
Project("{FAE04EC0-301F-11D3-BF4B-00C04F79EFBC}") = "Persistence", "Persistence\Persistence.csproj", "{3EA909E7-8333-4D20-BC48-9979C1D71D6D}"
EndProject
Global
	GlobalSection(SolutionConfigurationPlatforms) = preSolution
		Debug|Any CPU = Debug|Any CPU
		Release|Any CPU = Release|Any CPU
	EndGlobalSection
	GlobalSection(ProjectConfigurationPlatforms) = postSolution
		{91468F0E-03EB-4C94-8A8E-6D70D0665F54}.Debug|Any CPU.ActiveCfg = Debug|Any CPU
		{91468F0E-03EB-4C94-8A8E-6D70D0665F54}.Debug|Any CPU.Build.0 = Debug|Any CPU
		{91468F0E-03EB-4C94-8A8E-6D70D0665F54}.Release|Any CPU.ActiveCfg = Release|Any CPU
		{91468F0E-03EB-4C94-8A8E-6D70D0665F54}.Release|Any CPU.Build.0 = Release|Any CPU
		{B196F985-F772-4239-834C-058CFEF959E2}.Debug|Any CPU.ActiveCfg = Debug|Any CPU
		{B196F985-F772-4239-834C-058CFEF959E2}.Debug|Any CPU.Build.0 = Debug|Any CPU
		{B196F985-F772-4239-834C-058CFEF959E2}.Release|Any CPU.ActiveCfg = Release|Any CPU
		{B196F985-F772-4239-834C-058CFEF959E2}.Release|Any CPU.Build.0 = Release|Any CPU
		{CD89EB33-886F-42F2-8185-678F6EE0F471}.Debug|Any CPU.ActiveCfg = Debug|Any CPU
		{CD89EB33-886F-42F2-8185-678F6EE0F471}.Debug|Any CPU.Build.0 = Debug|Any CPU
		{CD89EB33-886F-42F2-8185-678F6EE0F471}.Release|Any CPU.ActiveCfg = Release|Any CPU
		{CD89EB33-886F-42F2-8185-678F6EE0F471}.Release|Any CPU.Build.0 = Release|Any CPU
		{E2A99BA5-0B2B-4C95-9B84-789F827CA1F5}.Debug|Any CPU.ActiveCfg = Debug|Any CPU
		{E2A99BA5-0B2B-4C95-9B84-789F827CA1F5}.Debug|Any CPU.Build.0 = Debug|Any CPU
		{E2A99BA5-0B2B-4C95-9B84-789F827CA1F5}.Release|Any CPU.ActiveCfg = Release|Any CPU
		{E2A99BA5-0B2B-4C95-9B84-789F827CA1F5}.Release|Any CPU.Build.0 = Release|Any CPU
		{3EA909E7-8333-4D20-BC48-9979C1D71D6D}.Debug|Any CPU.ActiveCfg = Debug|Any CPU
		{3EA909E7-8333-4D20-BC48-9979C1D71D6D}.Debug|Any CPU.Build.0 = Debug|Any CPU
		{3EA909E7-8333-4D20-BC48-9979C1D71D6D}.Release|Any CPU.ActiveCfg = Release|Any CPU
		{3EA909E7-8333-4D20-BC48-9979C1D71D6D}.Release|Any CPU.Build.0 = Release|Any CPU
	EndGlobalSection
EndGlobal
